{
  "nodes": {
    "betterfancontroller": {
      "inputs": {
        "nixpkgs": [
          "nixpkgs"
        ]
      },
      "locked": {
        "lastModified": 1650533810,
        "narHash": "sha256-T/igkG/gc2fkyN4kXedFF8bhcbmvk0cisZ/IHo1uOVc=",
        "owner": "Krutonium",
        "repo": "BetterFanController",
        "rev": "6ad9f64aa07d10cb1a3601621e3431f1e888dcc0",
        "type": "github"
      },
      "original": {
        "owner": "Krutonium",
        "repo": "BetterFanController",
        "type": "github"
      }
    },
    "deploy-cs": {
      "inputs": {
        "nixpkgs": [
          "nixpkgs"
        ]
      },
      "locked": {
        "lastModified": 1659426726,
        "narHash": "sha256-3fI7n0eIk5vJoEzqOuOjQsD0OxlA3+vAv7UEVzaJN0o=",
        "owner": "Krutonium",
        "repo": "deploy-cs",
        "rev": "47a453d5edb42074fff21c47e63eb41450ee5385",
        "type": "github"
      },
      "original": {
        "owner": "Krutonium",
        "repo": "deploy-cs",
        "type": "github"
      }
    },
    "home-manager": {
      "inputs": {
        "nixpkgs": [
          "nixpkgs"
        ]
      },
      "locked": {
        "lastModified": 1656169755,
        "narHash": "sha256-Nlnm4jeQWEGjYrE6hxi/7HYHjBSZ/E0RtjCYifnNsWk=",
        "owner": "nix-community",
        "repo": "home-manager",
        "rev": "4a3d01fb53f52ac83194081272795aa4612c2381",
        "type": "github"
      },
      "original": {
        "owner": "nix-community",
        "ref": "release-22.05",
        "repo": "home-manager",
        "type": "github"
      }
    },
    "nixos-hardware": {
      "locked": {
        "lastModified": 1660407119,
        "narHash": "sha256-04lWO0pDbhAXFdL4v2VzzwgxrZ5IefKn+TmZPiPeKxg=",
        "owner": "NixOS",
        "repo": "nixos-hardware",
        "rev": "12620020f76b1b5d2b0e6fbbda831ed4f5fe56e1",
        "type": "github"
      },
      "original": {
        "owner": "NixOS",
        "ref": "master",
        "repo": "nixos-hardware",
        "type": "github"
      }
    },
    "nixpkgs": {
      "locked": {
        "lastModified": 1660496378,
        "narHash": "sha256-sgAhmrC1iSnl5T2VPPiMpciH1aRw5c7PYEdXX6jd6Gk=",
        "owner": "NixOS",
        "repo": "nixpkgs",
        "rev": "879121648fe522b38cc1cf75aef160a14a1f2e7b",
        "type": "github"
      },
      "original": {
        "owner": "NixOS",
        "ref": "nixos-22.05",
        "repo": "nixpkgs",
        "type": "github"
      }
    },
    "nur": {
      "locked": {
        "lastModified": 1660575084,
        "narHash": "sha256-qef1roEwlDMUYCMgjgnxexU+y/DY580eUB34yxGijh4=",
        "owner": "nix-community",
        "repo": "NUR",
        "rev": "80b770cca0f8d6f1a78948e17ba7c5f1198c1273",
        "type": "github"
      },
      "original": {
        "owner": "nix-community",
        "repo": "NUR",
        "type": "github"
      }
    },
    "root": {
      "inputs": {
        "betterfancontroller": "betterfancontroller",
        "deploy-cs": "deploy-cs",
        "home-manager": "home-manager",
        "nixos-hardware": "nixos-hardware",
        "nixpkgs": "nixpkgs",
        "nur": "nur",
        "twitch2youtube": "twitch2youtube"
      }
    },
    "twitch2youtube": {
      "inputs": {
        "nixpkgs": [
          "nixpkgs"
        ]
      },
      "locked": {
        "lastModified": 1652766508,
        "narHash": "sha256-zhGYFjtq1Zf7CEaSVFTaT/ftSzFfLQ1dc0TcqTdwUVk=",
        "ref": "master",
        "rev": "6ddf6ed2e547c17a2a82eadf0a8b569b9c8a7646",
        "revCount": 4,
        "type": "git",
        "url": "https://gitea.krutonium.ca/Krutonium/Twitch2YouTube.git"
      },
      "original": {
        "type": "git",
        "url": "https://gitea.krutonium.ca/Krutonium/Twitch2YouTube.git"
      }
    }
  },
  "root": "root",
  "version": 7
}
