{
  "nodes": {
    "betterfancontroller": {
      "inputs": {
        "nixpkgs": [
          "nixpkgs"
        ]
      },
      "locked": {
        "lastModified": 1650533810,
        "narHash": "sha256-T/igkG/gc2fkyN4kXedFF8bhcbmvk0cisZ/IHo1uOVc=",
        "owner": "Krutonium",
        "repo": "BetterFanController",
        "rev": "6ad9f64aa07d10cb1a3601621e3431f1e888dcc0",
        "type": "github"
      },
      "original": {
        "owner": "Krutonium",
        "repo": "BetterFanController",
        "type": "github"
      }
    },
    "deploy-cs": {
      "inputs": {
        "nixpkgs": [
          "nixpkgs"
        ]
      },
      "locked": {
        "lastModified": 1656044781,
        "narHash": "sha256-WauH4eHjR0wP+66Jk42qtA69QZCCi6a9yqRoG88I/Ww=",
        "owner": "Krutonium",
        "repo": "deploy-cs",
        "rev": "9f8d1b75b2f5b6ac0764f368c17bd06c5097bd21",
        "type": "github"
      },
      "original": {
        "owner": "Krutonium",
        "repo": "deploy-cs",
        "type": "github"
      }
    },
    "home-manager": {
      "inputs": {
        "nixpkgs": "nixpkgs",
        "utils": "utils"
      },
      "locked": {
        "lastModified": 1659232160,
        "narHash": "sha256-RYKbKAYooiART2RUEpUnP7tAYM6+2i1m9+QI14wljZU=",
        "owner": "nix-community",
        "repo": "home-manager",
        "rev": "7146638e9ef74aba6736cbbf12dbe60e1ed24c1e",
        "type": "github"
      },
      "original": {
        "owner": "nix-community",
        "repo": "home-manager",
        "type": "github"
      }
    },
    "nixos-hardware": {
      "locked": {
        "lastModified": 1658401027,
        "narHash": "sha256-z/sDfzsFOoWNO9nZGfxDCNjHqXvSVZLDBDSgzr9qDXE=",
        "owner": "NixOS",
        "repo": "nixos-hardware",
        "rev": "83009edccc2e24afe3d0165ed98b60ff7471a5f8",
        "type": "github"
      },
      "original": {
        "owner": "NixOS",
        "ref": "master",
        "repo": "nixos-hardware",
        "type": "github"
      }
    },
    "nixpkgs": {
      "locked": {
        "lastModified": 1654953433,
        "narHash": "sha256-TwEeh4r50NdWHFAHQSyjCk2cZxgwUfcCCAJOhPdXB28=",
        "owner": "nixos",
        "repo": "nixpkgs",
        "rev": "90cd5459a1fd707819b9a3fb9c852beaaac3b79a",
        "type": "github"
      },
      "original": {
        "owner": "nixos",
        "ref": "nixos-unstable",
        "repo": "nixpkgs",
        "type": "github"
      }
    },
    "nixpkgs-unstable": {
      "locked": {
        "lastModified": 1659131907,
        "narHash": "sha256-8bz4k18M/FuVC+EVcI4aREN2PsEKT7LGmU2orfjnpCg=",
        "owner": "NixOS",
        "repo": "nixpkgs",
        "rev": "8d435fca5c561da8168abb30270788d2da2a7951",
        "type": "github"
      },
      "original": {
        "owner": "NixOS",
        "ref": "nixos-unstable",
        "repo": "nixpkgs",
        "type": "github"
      }
    },
    "nixpkgs_2": {
      "locked": {
        "lastModified": 1659052185,
        "narHash": "sha256-TUbwbzCbprtWB9EtXPM52cWuKETuCV3H+cMXjLRbwTw=",
        "owner": "NixOS",
        "repo": "nixpkgs",
        "rev": "9370544d849be8a07193e7611d02e6f6f1b10768",
        "type": "github"
      },
      "original": {
        "owner": "NixOS",
        "ref": "nixos-22.05",
        "repo": "nixpkgs",
        "type": "github"
      }
    },
    "nur": {
      "locked": {
        "lastModified": 1659246356,
        "narHash": "sha256-DkdisbLOI2/eXvlhYF7ScAQHQd5CpcSEGwAX1jg2pgY=",
        "owner": "nix-community",
        "repo": "NUR",
        "rev": "823e735b8dcd2408efac448df574f46ecf8e4123",
        "type": "github"
      },
      "original": {
        "owner": "nix-community",
        "repo": "NUR",
        "type": "github"
      }
    },
    "root": {
      "inputs": {
        "betterfancontroller": "betterfancontroller",
        "deploy-cs": "deploy-cs",
        "home-manager": "home-manager",
        "nixos-hardware": "nixos-hardware",
        "nixpkgs": "nixpkgs_2",
        "nixpkgs-unstable": "nixpkgs-unstable",
        "nur": "nur",
        "twitch2youtube": "twitch2youtube"
      }
    },
    "twitch2youtube": {
      "inputs": {
        "nixpkgs": [
          "nixpkgs"
        ]
      },
      "locked": {
        "lastModified": 1652766508,
        "narHash": "sha256-zhGYFjtq1Zf7CEaSVFTaT/ftSzFfLQ1dc0TcqTdwUVk=",
        "ref": "refs/heads/master",
        "rev": "6ddf6ed2e547c17a2a82eadf0a8b569b9c8a7646",
        "revCount": 4,
        "type": "git",
        "url": "https://gitea.krutonium.ca/Krutonium/Twitch2YouTube.git"
      },
      "original": {
        "type": "git",
        "url": "https://gitea.krutonium.ca/Krutonium/Twitch2YouTube.git"
      }
    },
    "utils": {
      "locked": {
        "lastModified": 1653893745,
        "narHash": "sha256-0jntwV3Z8//YwuOjzhV2sgJJPt+HY6KhU7VZUL0fKZQ=",
        "owner": "numtide",
        "repo": "flake-utils",
        "rev": "1ed9fb1935d260de5fe1c2f7ee0ebaae17ed2fa1",
        "type": "github"
      },
      "original": {
        "owner": "numtide",
        "repo": "flake-utils",
        "type": "github"
      }
    }
  },
  "root": "root",
  "version": 7
}
