{
  "nodes": {
    "betterfancontroller": {
      "inputs": {
        "nixpkgs": [
          "nixpkgs"
        ]
      },
      "locked": {
        "lastModified": 1650533810,
        "narHash": "sha256-T/igkG/gc2fkyN4kXedFF8bhcbmvk0cisZ/IHo1uOVc=",
        "owner": "Krutonium",
        "repo": "BetterFanController",
        "rev": "6ad9f64aa07d10cb1a3601621e3431f1e888dcc0",
        "type": "github"
      },
      "original": {
        "owner": "Krutonium",
        "repo": "BetterFanController",
        "type": "github"
      }
    },
    "deploy-cs": {
      "inputs": {
        "nixpkgs": [
          "nixpkgs"
        ]
      },
      "locked": {
        "lastModified": 1652499637,
        "narHash": "sha256-AH96YZ7l8qugViXQnuTFTC4HNe2Lq+QvS8n6iYooPiw=",
        "owner": "Krutonium",
        "repo": "deploy-cs",
        "rev": "472e27a9a18478cb95c9438685a2de6080a55385",
        "type": "github"
      },
      "original": {
        "owner": "Krutonium",
        "repo": "deploy-cs",
        "type": "github"
      }
    },
    "home-manager": {
      "inputs": {
        "nixpkgs": "nixpkgs"
      },
      "locked": {
        "lastModified": 1652913097,
        "narHash": "sha256-hOs8Z5WYzCor+qP+JgSgrCJRC+UuN9pfTUnXqyRUBvY=",
        "owner": "nix-community",
        "repo": "home-manager",
        "rev": "cb9f03d519cf96fcd7dfb990cc0e586a62ca6e69",
        "type": "github"
      },
      "original": {
        "owner": "nix-community",
        "repo": "home-manager",
        "type": "github"
      }
    },
    "nixos-hardware": {
      "locked": {
        "lastModified": 1650522846,
        "narHash": "sha256-SxWHXRI3qJwswyXAtzsi6PKVY3KLNNnb072KaJthII8=",
        "owner": "NixOS",
        "repo": "nixos-hardware",
        "rev": "6b4ebea9093c997c5f275c820e679108de4871ab",
        "type": "github"
      },
      "original": {
        "owner": "NixOS",
        "ref": "master",
        "repo": "nixos-hardware",
        "type": "github"
      }
    },
    "nixpkgs": {
      "locked": {
        "lastModified": 1652840887,
        "narHash": "sha256-gEK4NNa4GwIgTZE63kt/4WTFAWRTJVSa30+h4ZjFh9U=",
        "owner": "NixOS",
        "repo": "nixpkgs",
        "rev": "52dc75a4fee3fdbcb792cb6fba009876b912bfe0",
        "type": "github"
      },
      "original": {
        "id": "nixpkgs",
        "type": "indirect"
      }
    },
    "nixpkgs-unstable": {
      "locked": {
        "lastModified": 1652659998,
        "narHash": "sha256-FqNrXC1EE6U2RACwXBlsAvg1lqQGLYpuYb6+W3DL9vA=",
        "owner": "NixOS",
        "repo": "nixpkgs",
        "rev": "1d7db1b9e4cf1ee075a9f52e5c36f7b9f4207502",
        "type": "github"
      },
      "original": {
        "owner": "NixOS",
        "ref": "nixos-unstable",
        "repo": "nixpkgs",
        "type": "github"
      }
    },
    "nixpkgs_2": {
      "locked": {
        "lastModified": 1652659998,
        "narHash": "sha256-FqNrXC1EE6U2RACwXBlsAvg1lqQGLYpuYb6+W3DL9vA=",
        "owner": "NixOS",
        "repo": "nixpkgs",
        "rev": "1d7db1b9e4cf1ee075a9f52e5c36f7b9f4207502",
        "type": "github"
      },
      "original": {
        "owner": "NixOS",
        "ref": "nixos-unstable",
        "repo": "nixpkgs",
        "type": "github"
      }
    },
    "root": {
      "inputs": {
        "betterfancontroller": "betterfancontroller",
        "deploy-cs": "deploy-cs",
        "home-manager": "home-manager",
        "nixos-hardware": "nixos-hardware",
        "nixpkgs": "nixpkgs_2",
        "nixpkgs-unstable": "nixpkgs-unstable",
        "twitch2youtube": "twitch2youtube"
      }
    },
    "twitch2youtube": {
      "inputs": {
        "nixpkgs": [
          "nixpkgs"
        ]
      },
      "locked": {
        "lastModified": 1652766508,
        "narHash": "sha256-zhGYFjtq1Zf7CEaSVFTaT/ftSzFfLQ1dc0TcqTdwUVk=",
        "ref": "refs/heads/master",
        "rev": "6ddf6ed2e547c17a2a82eadf0a8b569b9c8a7646",
        "revCount": 4,
        "type": "git",
        "url": "https://gitea.krutonium.ca/Krutonium/Twitch2YouTube.git"
      },
      "original": {
        "type": "git",
        "url": "https://gitea.krutonium.ca/Krutonium/Twitch2YouTube.git"
      }
    }
  },
  "root": "root",
  "version": 7
}
